
Microsoft Visual Studio Solution File, Format Version 12.00
# Visual Studio 14
VisualStudioVersion = 14.0.25420.1
MinimumVisualStudioVersion = 10.0.40219.1
Project("{FAE04EC0-301F-11D3-BF4B-00C04F79EFBC}") = "VSCode", "VSCode\VSCode.csproj", "{D84C9735-B292-4485-9E12-8645BE6C5AA2}"
EndProject
Project("{2150E333-8FDC-42A3-9474-1A3956D46DE8}") = "1.MVC", "1.MVC", "{2F26E925-408E-4D48-9BBE-E3C075556176}"
EndProject
Project("{2150E333-8FDC-42A3-9474-1A3956D46DE8}") = "2.EF", "2.EF", "{7CB21716-440F-4B4A-B284-029D6B317BF2}"
EndProject
Project("{2150E333-8FDC-42A3-9474-1A3956D46DE8}") = "3.Redis", "3.Redis", "{2C15B2C4-60B5-45B2-8546-EA4BB7585DAD}"
EndProject
Project("{2150E333-8FDC-42A3-9474-1A3956D46DE8}") = "4.WebApi", "4.WebApi", "{398DC9C2-9A56-4036-9871-F73971E62349}"
EndProject
Project("{2150E333-8FDC-42A3-9474-1A3956D46DE8}") = "5.DataCache", "5.DataCache", "{BA9FECA9-1D1C-4137-ABB6-6C7B79A34312}"
EndProject
Project("{2150E333-8FDC-42A3-9474-1A3956D46DE8}") = "6.Grunt", "6.Grunt", "{5290DC95-A33E-42CE-A160-150AEE83C07E}"
EndProject
Project("{2150E333-8FDC-42A3-9474-1A3956D46DE8}") = "7.Karma", "7.Karma", "{A78929CB-81CF-47CA-A8D7-8C7D06B41FED}"
EndProject
Project("{2150E333-8FDC-42A3-9474-1A3956D46DE8}") = "8.Shell batch", "8.Shell batch", "{E4AC552B-D3A2-4892-8335-74F4E19213F3}"
EndProject
Project("{2150E333-8FDC-42A3-9474-1A3956D46DE8}") = "9.Unitest", "9.Unitest", "{6A8A9583-FC93-41CB-A079-A97D752F5FB3}"
EndProject
Project("{2150E333-8FDC-42A3-9474-1A3956D46DE8}") = "10.Token OAuth2", "10.Token OAuth2", "{51F3B7B3-22D7-4C65-B737-BD84C5CAF061}"
EndProject
Project("{2150E333-8FDC-42A3-9474-1A3956D46DE8}") = "11.Docker", "11.Docker", "{74328E39-BBD2-4321-B2CE-14A0499DCE10}"
EndProject
Project("{2150E333-8FDC-42A3-9474-1A3956D46DE8}") = "12.Micro Services", "12.Micro Services", "{6C85E0FC-C3DA-4766-82DC-EC7C2E6FF9B4}"
EndProject
Project("{2150E333-8FDC-42A3-9474-1A3956D46DE8}") = "13.Architecture Mdc", "13.Architecture Mdc", "{4CE8F933-3DA5-44CC-9C9E-37D6CCE8B485}"
EndProject
Project("{2150E333-8FDC-42A3-9474-1A3956D46DE8}") = "14.Owin Pipeline", "14.Owin Pipeline", "{925F7F48-7ABE-4BD7-864C-49F8BDC73BE1}"
EndProject
Project("{2150E333-8FDC-42A3-9474-1A3956D46DE8}") = "15.Endeca", "15.Endeca", "{1F1951BD-B593-4D01-9E5C-1530CA0F1191}"
EndProject
Project("{2150E333-8FDC-42A3-9474-1A3956D46DE8}") = "16.Solr Fusion", "16.Solr Fusion", "{810B9D6E-8889-4E53-ACA4-262546CDEB8E}"
EndProject
Project("{2150E333-8FDC-42A3-9474-1A3956D46DE8}") = "17.Postman", "17.Postman", "{F121B328-5337-462E-AED1-564502208E78}"
EndProject
Project("{2150E333-8FDC-42A3-9474-1A3956D46DE8}") = "18.NginX", "18.NginX", "{89A1DB8C-0EE4-490C-93CB-AD0F0F1D06AE}"
EndProject
Project("{2150E333-8FDC-42A3-9474-1A3956D46DE8}") = "19.Mongo", "19.Mongo", "{8E700208-1453-4057-8B83-BB3064FEF78B}"
EndProject
Project("{2150E333-8FDC-42A3-9474-1A3956D46DE8}") = "20.Hadoop", "20.Hadoop", "{18F521DD-8078-4A08-9A8A-01BCDA06AD33}"
EndProject
Project("{2150E333-8FDC-42A3-9474-1A3956D46DE8}") = "21.Automation", "21.Automation", "{62A47C97-377C-4EA1-B200-B8258C3210D7}"
EndProject
Project("{2150E333-8FDC-42A3-9474-1A3956D46DE8}") = "22.Growth stack", "22.Growth stack", "{95F2254A-C4E9-4113-A097-CB0A660BF51C}"
EndProject
Project("{2150E333-8FDC-42A3-9474-1A3956D46DE8}") = "23.Agile", "23.Agile", "{DE191FA2-CC41-4FFB-94B6-A8C68A6987A7}"
EndProject
Project("{2150E333-8FDC-42A3-9474-1A3956D46DE8}") = "23.Jexus", "23.Jexus", "{4350CDC5-64DD-45EB-A6F1-57C606308612}"
EndProject
Project("{2150E333-8FDC-42A3-9474-1A3956D46DE8}") = "24.React", "24.React", "{2C607815-FE8B-4F78-97D2-F6FF6C413250}"
EndProject
Project("{2150E333-8FDC-42A3-9474-1A3956D46DE8}") = "25.AngularJs", "25.AngularJs", "{C13E60E3-C470-4418-9423-DB48FE4492E6}"
EndProject
Project("{2150E333-8FDC-42A3-9474-1A3956D46DE8}") = "26.Bootstrap", "26.Bootstrap", "{AC07AB7F-0B84-488A-B4C3-38E85FAB0992}"
EndProject
Project("{2150E333-8FDC-42A3-9474-1A3956D46DE8}") = "27.Wpf", "27.Wpf", "{97C941B0-87F1-4A46-BCE1-9BF8AC506164}"
EndProject
Project("{2150E333-8FDC-42A3-9474-1A3956D46DE8}") = "28.IoT", "28.IoT", "{EB749157-A597-4E3B-849E-F17B3751884A}"
EndProject
Project("{FAE04EC0-301F-11D3-BF4B-00C04F79EFBC}") = "WpfApps", "WpfApps\WpfApps.csproj", "{066BF04A-E3E2-41FE-BFFA-7B5365B772F0}"
EndProject
Project("{FAE04EC0-301F-11D3-BF4B-00C04F79EFBC}") = "ConsoleApp", "ConsoleApp\ConsoleApp.csproj", "{E94BD516-4320-469D-878A-17CB90E5F711}"
EndProject
Project("{2150E333-8FDC-42A3-9474-1A3956D46DE8}") = "29.PetaPoco", "29.PetaPoco", "{56932524-C671-44DD-8240-906256B0DABB}"
EndProject
Project("{FAE04EC0-301F-11D3-BF4B-00C04F79EFBC}") = "PetaPocoSample", "PetaPocoSample\PetaPocoSample.csproj", "{CC327C12-A2F9-4CA7-A849-B76B8230C04A}"
EndProject
Global
	GlobalSection(SolutionConfigurationPlatforms) = preSolution
		Debug|Any CPU = Debug|Any CPU
		Release|Any CPU = Release|Any CPU
	EndGlobalSection
	GlobalSection(ProjectConfigurationPlatforms) = postSolution
		{D84C9735-B292-4485-9E12-8645BE6C5AA2}.Debug|Any CPU.ActiveCfg = Debug|Any CPU
		{D84C9735-B292-4485-9E12-8645BE6C5AA2}.Debug|Any CPU.Build.0 = Debug|Any CPU
		{D84C9735-B292-4485-9E12-8645BE6C5AA2}.Release|Any CPU.ActiveCfg = Release|Any CPU
		{D84C9735-B292-4485-9E12-8645BE6C5AA2}.Release|Any CPU.Build.0 = Release|Any CPU
		{066BF04A-E3E2-41FE-BFFA-7B5365B772F0}.Debug|Any CPU.ActiveCfg = Debug|Any CPU
		{066BF04A-E3E2-41FE-BFFA-7B5365B772F0}.Debug|Any CPU.Build.0 = Debug|Any CPU
		{066BF04A-E3E2-41FE-BFFA-7B5365B772F0}.Release|Any CPU.ActiveCfg = Release|Any CPU
		{066BF04A-E3E2-41FE-BFFA-7B5365B772F0}.Release|Any CPU.Build.0 = Release|Any CPU
		{E94BD516-4320-469D-878A-17CB90E5F711}.Debug|Any CPU.ActiveCfg = Debug|Any CPU
		{E94BD516-4320-469D-878A-17CB90E5F711}.Debug|Any CPU.Build.0 = Debug|Any CPU
		{E94BD516-4320-469D-878A-17CB90E5F711}.Release|Any CPU.ActiveCfg = Release|Any CPU
		{E94BD516-4320-469D-878A-17CB90E5F711}.Release|Any CPU.Build.0 = Release|Any CPU
		{CC327C12-A2F9-4CA7-A849-B76B8230C04A}.Debug|Any CPU.ActiveCfg = Debug|Any CPU
		{CC327C12-A2F9-4CA7-A849-B76B8230C04A}.Debug|Any CPU.Build.0 = Debug|Any CPU
		{CC327C12-A2F9-4CA7-A849-B76B8230C04A}.Release|Any CPU.ActiveCfg = Release|Any CPU
		{CC327C12-A2F9-4CA7-A849-B76B8230C04A}.Release|Any CPU.Build.0 = Release|Any CPU
	EndGlobalSection
	GlobalSection(SolutionProperties) = preSolution
		HideSolutionNode = FALSE
	EndGlobalSection
	GlobalSection(NestedProjects) = preSolution
		{066BF04A-E3E2-41FE-BFFA-7B5365B772F0} = {97C941B0-87F1-4A46-BCE1-9BF8AC506164}
		{E94BD516-4320-469D-878A-17CB90E5F711} = {E4AC552B-D3A2-4892-8335-74F4E19213F3}
		{CC327C12-A2F9-4CA7-A849-B76B8230C04A} = {56932524-C671-44DD-8240-906256B0DABB}
	EndGlobalSection
EndGlobal
